{
  "name": "gga-szlegierw",
  "version": "1.0.0",
  "lockfileVersion": 2,
  "requires": true,
  "packages": {
    "": {
      "name": "gga-szlegierw",
      "version": "1.0.0",
      "license": "ISC",
      "dependencies": {
        "array-shuffle": "^3.0.0",
        "nodeplotlib": "^0.7.6"
      }
    },
    "node_modules/@types/d3": {
      "version": "3.5.46",
      "resolved": "https://registry.npmjs.org/@types/d3/-/d3-3.5.46.tgz",
      "integrity": "sha512-jNHfiGd41+JUV43LTMzQNidyp4Hn0XfhoSmy8baE0d/N5pGYpD+yX03JacY/MH+smFxYOQGXlz4HxkRZOuRNOQ=="
    },
    "node_modules/@types/plotly.js": {
      "version": "1.54.16",
      "resolved": "https://registry.npmjs.org/@types/plotly.js/-/plotly.js-1.54.16.tgz",
      "integrity": "sha512-Kli9UqZwO12cvJ4dT2kGaBtpgq96y8TPsvsB87XTCO+jEMMVy0OZ4WMW+8plS/lBKCtMNtwRNYNlD3+8Stgn2Q==",
      "dependencies": {
        "@types/d3": "^3"
      }
    },
    "node_modules/array-shuffle": {
      "version": "3.0.0",
      "resolved": "https://registry.npmjs.org/array-shuffle/-/array-shuffle-3.0.0.tgz",
      "integrity": "sha512-rogEGxHOQPhslOhpg12LJkB+bbAl484/s2AJq0BxtzQDQfKl76fS2u9zWgg3p3b9ENcuvE7K8A7l5ddiPjCRnw==",
      "engines": {
        "node": ">=12.20"
      },
      "funding": {
        "url": "https://github.com/sponsors/sindresorhus"
      }
    },
    "node_modules/nodeplotlib": {
      "version": "0.7.6",
      "resolved": "https://registry.npmjs.org/nodeplotlib/-/nodeplotlib-0.7.6.tgz",
      "integrity": "sha512-iqU2jAnGWNJ/esP7N/hloOKR2TiYRguv3Fn+kcBIrkd+xMICixCOh6y11cG0phFxDviG36Ti9czAqhzz5jMadw==",
      "dependencies": {
        "@types/plotly.js": "^1.54.16"
      }
    }
  },
  "dependencies": {
    "@types/d3": {
      "version": "3.5.46",
      "resolved": "https://registry.npmjs.org/@types/d3/-/d3-3.5.46.tgz",
      "integrity": "sha512-jNHfiGd41+JUV43LTMzQNidyp4Hn0XfhoSmy8baE0d/N5pGYpD+yX03JacY/MH+smFxYOQGXlz4HxkRZOuRNOQ=="
    },
    "@types/plotly.js": {
      "version": "1.54.16",
      "resolved": "https://registry.npmjs.org/@types/plotly.js/-/plotly.js-1.54.16.tgz",
      "integrity": "sha512-Kli9UqZwO12cvJ4dT2kGaBtpgq96y8TPsvsB87XTCO+jEMMVy0OZ4WMW+8plS/lBKCtMNtwRNYNlD3+8Stgn2Q==",
      "requires": {
        "@types/d3": "^3"
      }
    },
    "array-shuffle": {
      "version": "3.0.0",
      "resolved": "https://registry.npmjs.org/array-shuffle/-/array-shuffle-3.0.0.tgz",
      "integrity": "sha512-rogEGxHOQPhslOhpg12LJkB+bbAl484/s2AJq0BxtzQDQfKl76fS2u9zWgg3p3b9ENcuvE7K8A7l5ddiPjCRnw=="
    },
    "nodeplotlib": {
      "version": "0.7.6",
      "resolved": "https://registry.npmjs.org/nodeplotlib/-/nodeplotlib-0.7.6.tgz",
      "integrity": "sha512-iqU2jAnGWNJ/esP7N/hloOKR2TiYRguv3Fn+kcBIrkd+xMICixCOh6y11cG0phFxDviG36Ti9czAqhzz5jMadw==",
      "requires": {
        "@types/plotly.js": "^1.54.16"
      }
    }
  }
}
